// !$*UTF8*$!
{
	archiveVersion = 1;
	classes = {
	};
	objectVersion = 55;
	objects = {

/* Begin PBXBuildFile section */
		1A1E7F29281851CA006A7AB7 /* CalculatorLogic.swift in Sources */ = {isa = PBXBuildFile; fileRef = 1A1E7F28281851CA006A7AB7 /* CalculatorLogic.swift */; };
		1ABE91292812FDE00033C423 /* AppDelegate.swift in Sources */ = {isa = PBXBuildFile; fileRef = 1ABE91282812FDE00033C423 /* AppDelegate.swift */; };
		1ABE912D2812FDE00033C423 /* ViewController.swift in Sources */ = {isa = PBXBuildFile; fileRef = 1ABE912C2812FDE00033C423 /* ViewController.swift */; };
		1ABE91322812FDE20033C423 /* Assets.xcassets in Resources */ = {isa = PBXBuildFile; fileRef = 1ABE91312812FDE20033C423 /* Assets.xcassets */; };
		1ABE91352812FDE20033C423 /* LaunchScreen.storyboard in Resources */ = {isa = PBXBuildFile; fileRef = 1ABE91332812FDE20033C423 /* LaunchScreen.storyboard */; };
		1ABE91402816BC770033C423 /* HorizontalStackView.swift in Sources */ = {isa = PBXBuildFile; fileRef = 1ABE913F2816BC770033C423 /* HorizontalStackView.swift */; };
		1ABE91432816C2A80033C423 /* SubView.swift in Sources */ = {isa = PBXBuildFile; fileRef = 1ABE91422816C2A80033C423 /* SubView.swift */; };
		1AC137E0282B05F4008246CA /* ButtonView.swift in Sources */ = {isa = PBXBuildFile; fileRef = 1AC137DF282B05F4008246CA /* ButtonView.swift */; };
/* End PBXBuildFile section */

/* Begin PBXFileReference section */
		1A1E7F28281851CA006A7AB7 /* CalculatorLogic.swift */ = {isa = PBXFileReference; lastKnownFileType = sourcecode.swift; path = CalculatorLogic.swift; sourceTree = "<group>"; };
		1ABE91252812FDE00033C423 /* Calculator(No Storyboard).app */ = {isa = PBXFileReference; explicitFileType = wrapper.application; includeInIndex = 0; path = "Calculator(No Storyboard).app"; sourceTree = BUILT_PRODUCTS_DIR; };
		1ABE91282812FDE00033C423 /* AppDelegate.swift */ = {isa = PBXFileReference; lastKnownFileType = sourcecode.swift; path = AppDelegate.swift; sourceTree = "<group>"; };
		1ABE912C2812FDE00033C423 /* ViewController.swift */ = {isa = PBXFileReference; lastKnownFileType = sourcecode.swift; path = ViewController.swift; sourceTree = "<group>"; };
		1ABE91312812FDE20033C423 /* Assets.xcassets */ = {isa = PBXFileReference; lastKnownFileType = folder.assetcatalog; path = Assets.xcassets; sourceTree = "<group>"; };
		1ABE91342812FDE20033C423 /* Base */ = {isa = PBXFileReference; lastKnownFileType = file.storyboard; name = Base; path = Base.lproj/LaunchScreen.storyboard; sourceTree = "<group>"; };
		1ABE91362812FDE20033C423 /* Info.plist */ = {isa = PBXFileReference; lastKnownFileType = text.plist.xml; path = Info.plist; sourceTree = "<group>"; };
		1ABE913F2816BC770033C423 /* HorizontalStackView.swift */ = {isa = PBXFileReference; lastKnownFileType = sourcecode.swift; path = HorizontalStackView.swift; sourceTree = "<group>"; };
		1ABE91422816C2A80033C423 /* SubView.swift */ = {isa = PBXFileReference; lastKnownFileType = sourcecode.swift; path = SubView.swift; sourceTree = "<group>"; };
		1AC137DF282B05F4008246CA /* ButtonView.swift */ = {isa = PBXFileReference; lastKnownFileType = sourcecode.swift; path = ButtonView.swift; sourceTree = "<group>"; };
/* End PBXFileReference section */

/* Begin PBXFrameworksBuildPhase section */
		1ABE91222812FDE00033C423 /* Frameworks */ = {
			isa = PBXFrameworksBuildPhase;
			buildActionMask = 2147483647;
			files = (
			);
			runOnlyForDeploymentPostprocessing = 0;
		};
/* End PBXFrameworksBuildPhase section */

/* Begin PBXGroup section */
		1A1E7F2A281851CF006A7AB7 /* Model */ = {
			isa = PBXGroup;
			children = (
				1A1E7F28281851CA006A7AB7 /* CalculatorLogic.swift */,
			);
			path = Model;
			sourceTree = "<group>";
		};
		1ABE911C2812FDE00033C423 = {
			isa = PBXGroup;
			children = (
				1ABE91272812FDE00033C423 /* Calculator(No Storyboard) */,
				1ABE91262812FDE00033C423 /* Products */,
			);
			sourceTree = "<group>";
		};
		1ABE91262812FDE00033C423 /* Products */ = {
			isa = PBXGroup;
			children = (
				1ABE91252812FDE00033C423 /* Calculator(No Storyboard).app */,
			);
			name = Products;
			sourceTree = "<group>";
		};
		1ABE91272812FDE00033C423 /* Calculator(No Storyboard) */ = {
			isa = PBXGroup;
			children = (
				1ABE91282812FDE00033C423 /* AppDelegate.swift */,
				1A1E7F2A281851CF006A7AB7 /* Model */,
				1ABE913E2816ACB50033C423 /* View */,
				1ABE91412816C26E0033C423 /* Controller */,
				1ABE91312812FDE20033C423 /* Assets.xcassets */,
				1ABE91332812FDE20033C423 /* LaunchScreen.storyboard */,
				1ABE91362812FDE20033C423 /* Info.plist */,
			);
			path = "Calculator(No Storyboard)";
			sourceTree = "<group>";
		};
		1ABE913E2816ACB50033C423 /* View */ = {
			isa = PBXGroup;
			children = (
				1ABE91422816C2A80033C423 /* SubView.swift */,
				1ABE913F2816BC770033C423 /* HorizontalStackView.swift */,
				1AC137DF282B05F4008246CA /* ButtonView.swift */,
			);
			path = View;
			sourceTree = "<group>";
		};
		1ABE91412816C26E0033C423 /* Controller */ = {
			isa = PBXGroup;
			children = (
				1ABE912C2812FDE00033C423 /* ViewController.swift */,
			);
			path = Controller;
			sourceTree = "<group>";
		};
/* End PBXGroup section */

/* Begin PBXNativeTarget section */
		1ABE91242812FDE00033C423 /* Calculator(No Storyboard) */ = {
			isa = PBXNativeTarget;
			buildConfigurationList = 1ABE91392812FDE20033C423 /* Build configuration list for PBXNativeTarget "Calculator(No Storyboard)" */;
			buildPhases = (
				1ABE91212812FDE00033C423 /* Sources */,
				1ABE91222812FDE00033C423 /* Frameworks */,
				1ABE91232812FDE00033C423 /* Resources */,
			);
			buildRules = (
			);
			dependencies = (
			);
			name = "Calculator(No Storyboard)";
			productName = "Calculator(No Storyboard)";
			productReference = 1ABE91252812FDE00033C423 /* Calculator(No Storyboard).app */;
			productType = "com.apple.product-type.application";
		};
/* End PBXNativeTarget section */

/* Begin PBXProject section */
		1ABE911D2812FDE00033C423 /* Project object */ = {
			isa = PBXProject;
			attributes = {
				BuildIndependentTargetsInParallel = 1;
				LastSwiftUpdateCheck = 1330;
				LastUpgradeCheck = 1330;
				TargetAttributes = {
					1ABE91242812FDE00033C423 = {
						CreatedOnToolsVersion = 13.3.1;
					};
				};
			};
			buildConfigurationList = 1ABE91202812FDE00033C423 /* Build configuration list for PBXProject "Calculator(No Storyboard)" */;
			compatibilityVersion = "Xcode 13.0";
			developmentRegion = en;
			hasScannedForEncodings = 0;
			knownRegions = (
				en,
				Base,
			);
			mainGroup = 1ABE911C2812FDE00033C423;
			productRefGroup = 1ABE91262812FDE00033C423 /* Products */;
			projectDirPath = "";
			projectRoot = "";
			targets = (
				1ABE91242812FDE00033C423 /* Calculator(No Storyboard) */,
			);
		};
/* End PBXProject section */

/* Begin PBXResourcesBuildPhase section */
		1ABE91232812FDE00033C423 /* Resources */ = {
			isa = PBXResourcesBuildPhase;
			buildActionMask = 2147483647;
			files = (
				1ABE91352812FDE20033C423 /* LaunchScreen.storyboard in Resources */,
				1ABE91322812FDE20033C423 /* Assets.xcassets in Resources */,
			);
			runOnlyForDeploymentPostprocessing = 0;
		};
/* End PBXResourcesBuildPhase section */

/* Begin PBXSourcesBuildPhase section */
		1ABE91212812FDE00033C423 /* Sources */ = {
			isa = PBXSourcesBuildPhase;
			buildActionMask = 2147483647;
			files = (
				1ABE912D2812FDE00033C423 /* ViewController.swift in Sources */,
				1ABE91292812FDE00033C423 /* AppDelegate.swift in Sources */,
				1AC137E0282B05F4008246CA /* ButtonView.swift in Sources */,
				1A1E7F29281851CA006A7AB7 /* CalculatorLogic.swift in Sources */,
				1ABE91432816C2A80033C423 /* SubView.swift in Sources */,
				1ABE91402816BC770033C423 /* HorizontalStackView.swift in Sources */,
			);
			runOnlyForDeploymentPostprocessing = 0;
		};
/* End PBXSourcesBuildPhase section */

/* Begin PBXVariantGroup section */
		1ABE91332812FDE20033C423 /* LaunchScreen.storyboard */ = {
			isa = PBXVariantGroup;
			children = (
				1ABE91342812FDE20033C423 /* Base */,
			);
			name = LaunchScreen.storyboard;
			sourceTree = "<group>";
		};
/* End PBXVariantGroup section */

/* Begin XCBuildConfiguration section */
		1ABE91372812FDE20033C423 /* Debug */ = {
			isa = XCBuildConfiguration;
			buildSettings = {
				ALWAYS_SEARCH_USER_PATHS = NO;
				CLANG_ANALYZER_NONNULL = YES;
				CLANG_ANALYZER_NUMBER_OBJECT_CONVERSION = YES_AGGRESSIVE;
				CLANG_CXX_LANGUAGE_STANDARD = "gnu++17";
				CLANG_ENABLE_MODULES = YES;
				CLANG_ENABLE_OBJC_ARC = YES;
				CLANG_ENABLE_OBJC_WEAK = YES;
				CLANG_WARN_BLOCK_CAPTURE_AUTORELEASING = YES;
				CLANG_WARN_BOOL_CONVERSION = YES;
				CLANG_WARN_COMMA = YES;
				CLANG_WARN_CONSTANT_CONVERSION = YES;
				CLANG_WARN_DEPRECATED_OBJC_IMPLEMENTATIONS = YES;
				CLANG_WARN_DIRECT_OBJC_ISA_USAGE = YES_ERROR;
				CLANG_WARN_DOCUMENTATION_COMMENTS = YES;
				CLANG_WARN_EMPTY_BODY = YES;
				CLANG_WARN_ENUM_CONVERSION = YES;
				CLANG_WARN_INFINITE_RECURSION = YES;
				CLANG_WARN_INT_CONVERSION = YES;
				CLANG_WARN_NON_LITERAL_NULL_CONVERSION = YES;
				CLANG_WARN_OBJC_IMPLICIT_RETAIN_SELF = YES;
				CLANG_WARN_OBJC_LITERAL_CONVERSION = YES;
				CLANG_WARN_OBJC_ROOT_CLASS = YES_ERROR;
				CLANG_WARN_QUOTED_INCLUDE_IN_FRAMEWORK_HEADER = YES;
				CLANG_WARN_RANGE_LOOP_ANALYSIS = YES;
				CLANG_WARN_STRICT_PROTOTYPES = YES;
				CLANG_WARN_SUSPICIOUS_MOVE = YES;
				CLANG_WARN_UNGUARDED_AVAILABILITY = YES_AGGRESSIVE;
				CLANG_WARN_UNREACHABLE_CODE = YES;
				CLANG_WARN__DUPLICATE_METHOD_MATCH = YES;
				COPY_PHASE_STRIP = NO;
				DEBUG_INFORMATION_FORMAT = dwarf;
				ENABLE_STRICT_OBJC_MSGSEND = YES;
				ENABLE_TESTABILITY = YES;
				GCC_C_LANGUAGE_STANDARD = gnu11;
				GCC_DYNAMIC_NO_PIC = NO;
				GCC_NO_COMMON_BLOCKS = YES;
				GCC_OPTIMIZATION_LEVEL = 0;
				GCC_PREPROCESSOR_DEFINITIONS = (
					"DEBUG=1",
					"$(inherited)",
				);
				GCC_WARN_64_TO_32_BIT_CONVERSION = YES;
				GCC_WARN_ABOUT_RETURN_TYPE = YES_ERROR;
				GCC_WARN_UNDECLARED_SELECTOR = YES;
				GCC_WARN_UNINITIALIZED_AUTOS = YES_AGGRESSIVE;
				GCC_WARN_UNUSED_FUNCTION = YES;
				GCC_WARN_UNUSED_VARIABLE = YES;
				IPHONEOS_DEPLOYMENT_TARGET = 15.4;
				MTL_ENABLE_DEBUG_INFO = INCLUDE_SOURCE;
				MTL_FAST_MATH = YES;
				ONLY_ACTIVE_ARCH = YES;
				SDKROOT = iphoneos;
				SWIFT_ACTIVE_COMPILATION_CONDITIONS = DEBUG;
				SWIFT_OPTIMIZATION_LEVEL = "-Onone";
			};
			name = Debug;
		};
		1ABE91382812FDE20033C423 /* Release */ = {
			isa = XCBuildConfiguration;
			buildSettings = {
				ALWAYS_SEARCH_USER_PATHS = NO;
				CLANG_ANALYZER_NONNULL = YES;
				CLANG_ANALYZER_NUMBER_OBJECT_CONVERSION = YES_AGGRESSIVE;
				CLANG_CXX_LANGUAGE_STANDARD = "gnu++17";
				CLANG_ENABLE_MODULES = YES;
				CLANG_ENABLE_OBJC_ARC = YES;
				CLANG_ENABLE_OBJC_WEAK = YES;
				CLANG_WARN_BLOCK_CAPTURE_AUTORELEASING = YES;
				CLANG_WARN_BOOL_CONVERSION = YES;
				CLANG_WARN_COMMA = YES;
				CLANG_WARN_CONSTANT_CONVERSION = YES;
				CLANG_WARN_DEPRECATED_OBJC_IMPLEMENTATIONS = YES;
				CLANG_WARN_DIRECT_OBJC_ISA_USAGE = YES_ERROR;
				CLANG_WARN_DOCUMENTATION_COMMENTS = YES;
				CLANG_WARN_EMPTY_BODY = YES;
				CLANG_WARN_ENUM_CONVERSION = YES;
				CLANG_WARN_INFINITE_RECURSION = YES;
				CLANG_WARN_INT_CONVERSION = YES;
				CLANG_WARN_NON_LITERAL_NULL_CONVERSION = YES;
				CLANG_WARN_OBJC_IMPLICIT_RETAIN_SELF = YES;
				CLANG_WARN_OBJC_LITERAL_CONVERSION = YES;
				CLANG_WARN_OBJC_ROOT_CLASS = YES_ERROR;
				CLANG_WARN_QUOTED_INCLUDE_IN_FRAMEWORK_HEADER = YES;
				CLANG_WARN_RANGE_LOOP_ANALYSIS = YES;
				CLANG_WARN_STRICT_PROTOTYPES = YES;
				CLANG_WARN_SUSPICIOUS_MOVE = YES;
				CLANG_WARN_UNGUARDED_AVAILABILITY = YES_AGGRESSIVE;
				CLANG_WARN_UNREACHABLE_CODE = YES;
				CLANG_WARN__DUPLICATE_METHOD_MATCH = YES;
				COPY_PHASE_STRIP = NO;
				DEBUG_INFORMATION_FORMAT = "dwarf-with-dsym";
				ENABLE_NS_ASSERTIONS = NO;
				ENABLE_STRICT_OBJC_MSGSEND = YES;
				GCC_C_LANGUAGE_STANDARD = gnu11;
				GCC_NO_COMMON_BLOCKS = YES;
				GCC_WARN_64_TO_32_BIT_CONVERSION = YES;
				GCC_WARN_ABOUT_RETURN_TYPE = YES_ERROR;
				GCC_WARN_UNDECLARED_SELECTOR = YES;
				GCC_WARN_UNINITIALIZED_AUTOS = YES_AGGRESSIVE;
				GCC_WARN_UNUSED_FUNCTION = YES;
				GCC_WARN_UNUSED_VARIABLE = YES;
				IPHONEOS_DEPLOYMENT_TARGET = 15.4;
				MTL_ENABLE_DEBUG_INFO = NO;
				MTL_FAST_MATH = YES;
				SDKROOT = iphoneos;
				SWIFT_COMPILATION_MODE = wholemodule;
				SWIFT_OPTIMIZATION_LEVEL = "-O";
				VALIDATE_PRODUCT = YES;
			};
			name = Release;
		};
		1ABE913A2812FDE20033C423 /* Debug */ = {
			isa = XCBuildConfiguration;
			buildSettings = {
				ASSETCATALOG_COMPILER_APPICON_NAME = AppIcon;
				ASSETCATALOG_COMPILER_GLOBAL_ACCENT_COLOR_NAME = AccentColor;
				CODE_SIGN_STYLE = Automatic;
				CURRENT_PROJECT_VERSION = 1;
				DEVELOPMENT_TEAM = J29BGS7RGH;
				GENERATE_INFOPLIST_FILE = YES;
				INFOPLIST_FILE = "Calculator(No Storyboard)/Info.plist";
				INFOPLIST_KEY_UIApplicationSupportsIndirectInputEvents = YES;
				INFOPLIST_KEY_UILaunchStoryboardName = LaunchScreen;
				INFOPLIST_KEY_UIMainStoryboardFile = "";
				INFOPLIST_KEY_UISupportedInterfaceOrientations_iPad = "UIInterfaceOrientationPortrait UIInterfaceOrientationPortraitUpsideDown UIInterfaceOrientationLandscapeLeft UIInterfaceOrientationLandscapeRight";
				INFOPLIST_KEY_UISupportedInterfaceOrientations_iPhone = "UIInterfaceOrientationPortrait UIInterfaceOrientationLandscapeLeft UIInterfaceOrientationLandscapeRight";
				LD_RUNPATH_SEARCH_PATHS = (
					"$(inherited)",
					"@executable_path/Frameworks",
				);
				MARKETING_VERSION = 1.0;
				PRODUCT_BUNDLE_IDENTIFIER = "xkidcatx.Calculator-No-Storyboard-";
				PRODUCT_NAME = "$(TARGET_NAME)";
				SWIFT_EMIT_LOC_STRINGS = YES;
				SWIFT_VERSION = 5.0;
				TARGETED_DEVICE_FAMILY = "1,2";
			};
			name = Debug;
		};
		1ABE913B2812FDE20033C423 /* Release */ = {
			isa = XCBuildConfiguration;
			buildSettings = {
				ASSETCATALOG_COMPILER_APPICON_NAME = AppIcon;
				ASSETCATALOG_COMPILER_GLOBAL_ACCENT_COLOR_NAME = AccentColor;
				CODE_SIGN_STYLE = Automatic;
				CURRENT_PROJECT_VERSION = 1;
				DEVELOPMENT_TEAM = J29BGS7RGH;
				GENERATE_INFOPLIST_FILE = YES;
				INFOPLIST_FILE = "Calculator(No Storyboard)/Info.plist";
				INFOPLIST_KEY_UIApplicationSupportsIndirectInputEvents = YES;
				INFOPLIST_KEY_UILaunchStoryboardName = LaunchScreen;
				INFOPLIST_KEY_UIMainStoryboardFile = "";
				INFOPLIST_KEY_UISupportedInterfaceOrientations_iPad = "UIInterfaceOrientationPortrait UIInterfaceOrientationPortraitUpsideDown UIInterfaceOrientationLandscapeLeft UIInterfaceOrientationLandscapeRight";
				INFOPLIST_KEY_UISupportedInterfaceOrientations_iPhone = "UIInterfaceOrientationPortrait UIInterfaceOrientationLandscapeLeft UIInterfaceOrientationLandscapeRight";
				LD_RUNPATH_SEARCH_PATHS = (
					"$(inherited)",
					"@executable_path/Frameworks",
				);
				MARKETING_VERSION = 1.0;
				PRODUCT_BUNDLE_IDENTIFIER = "xkidcatx.Calculator-No-Storyboard-";
				PRODUCT_NAME = "$(TARGET_NAME)";
				SWIFT_EMIT_LOC_STRINGS = YES;
				SWIFT_VERSION = 5.0;
				TARGETED_DEVICE_FAMILY = "1,2";
			};
			name = Release;
		};
/* End XCBuildConfiguration section */

/* Begin XCConfigurationList section */
		1ABE91202812FDE00033C423 /* Build configuration list for PBXProject "Calculator(No Storyboard)" */ = {
			isa = XCConfigurationList;
			buildConfigurations = (
				1ABE91372812FDE20033C423 /* Debug */,
				1ABE91382812FDE20033C423 /* Release */,
			);
			defaultConfigurationIsVisible = 0;
			defaultConfigurationName = Release;
		};
		1ABE91392812FDE20033C423 /* Build configuration list for PBXNativeTarget "Calculator(No Storyboard)" */ = {
			isa = XCConfigurationList;
			buildConfigurations = (
				1ABE913A2812FDE20033C423 /* Debug */,
				1ABE913B2812FDE20033C423 /* Release */,
			);
			defaultConfigurationIsVisible = 0;
			defaultConfigurationName = Release;
		};
/* End XCConfigurationList section */
	};
	rootObject = 1ABE911D2812FDE00033C423 /* Project object */;
}
